{
  "object": {
    "pins": [
      {
        "package": "swift-argument-parser",
        "repositoryURL": "https://github.com/apple/swift-argument-parser",
        "state": {
          "branch": null,
          "revision": "14c7622293ffbb7a235e896e37adf7eb089884a3",
          "version": "0.0.3"
        }
      }
    ]
  },
  "version": 1
}
